
Microsoft Visual Studio Solution File, Format Version 12.00
# Visual Studio Version 16
VisualStudioVersion = 16.0.34601.136
MinimumVisualStudioVersion = 10.0.40219.1
Project("{FAE04EC0-301F-11D3-BF4B-00C04F79EFBC}") = "gemstone", "gemstone\gemstone.csproj", "{2AD0E167-BDEB-4CDC-A222-F6C3D15D0866}"
EndProject
Global
	GlobalSection(SolutionConfigurationPlatforms) = preSolution
		Debug|Any CPU = Debug|Any CPU
		Release|Any CPU = Release|Any CPU
	EndGlobalSection
	GlobalSection(ProjectConfigurationPlatforms) = postSolution
		{2AD0E167-BDEB-4CDC-A222-F6C3D15D0866}.Debug|Any CPU.ActiveCfg = Debug|Any CPU
		{2AD0E167-BDEB-4CDC-A222-F6C3D15D0866}.Debug|Any CPU.Build.0 = Debug|Any CPU
		{2AD0E167-BDEB-4CDC-A222-F6C3D15D0866}.Release|Any CPU.ActiveCfg = Release|Any CPU
		{2AD0E167-BDEB-4CDC-A222-F6C3D15D0866}.Release|Any CPU.Build.0 = Release|Any CPU
	EndGlobalSection
	GlobalSection(SolutionProperties) = preSolution
		HideSolutionNode = FALSE
	EndGlobalSection
	GlobalSection(ExtensibilityGlobals) = postSolution
		SolutionGuid = {288FE4F0-22C0-4FB9-A583-811E18825A9A}
	EndGlobalSection
EndGlobal
